
Microsoft Visual Studio Solution File, Format Version 12.00
# Visual Studio Version 16
VisualStudioVersion = 16.0.30907.101
MinimumVisualStudioVersion = 10.0.40219.1
Project("{FAE04EC0-301F-11D3-BF4B-00C04F79EFBC}") = "atbm", "atbm.csproj", "{214004EA-9F4D-40A4-8C06-6EEB3B859D9D}"
EndProject
Global
	GlobalSection(SolutionConfigurationPlatforms) = preSolution
		Debug|Any CPU = Debug|Any CPU
		Release|Any CPU = Release|Any CPU
	EndGlobalSection
	GlobalSection(ProjectConfigurationPlatforms) = postSolution
		{214004EA-9F4D-40A4-8C06-6EEB3B859D9D}.Debug|Any CPU.ActiveCfg = Debug|Any CPU
		{214004EA-9F4D-40A4-8C06-6EEB3B859D9D}.Debug|Any CPU.Build.0 = Debug|Any CPU
		{214004EA-9F4D-40A4-8C06-6EEB3B859D9D}.Release|Any CPU.ActiveCfg = Release|Any CPU
		{214004EA-9F4D-40A4-8C06-6EEB3B859D9D}.Release|Any CPU.Build.0 = Release|Any CPU
	EndGlobalSection
	GlobalSection(SolutionProperties) = preSolution
		HideSolutionNode = FALSE
	EndGlobalSection
	GlobalSection(ExtensibilityGlobals) = postSolution
		SolutionGuid = {4718F647-6F9B-4787-B2F4-7C9E5E5C8AF5}
	EndGlobalSection
EndGlobal
